
Microsoft Visual Studio Solution File, Format Version 12.00
# Visual Studio Version 17
VisualStudioVersion = 17.9.34622.214
MinimumVisualStudioVersion = 10.0.40219.1
Project("{FAE04EC0-301F-11D3-BF4B-00C04F79EFBC}") = "ImageFiltering", "ImageFiltering\ImageFiltering.csproj", "{9AD99873-6BD3-4157-8434-9F1CB45DDC6E}"
EndProject
Global
	GlobalSection(SolutionConfigurationPlatforms) = preSolution
		Debug|Any CPU = Debug|Any CPU
		Release|Any CPU = Release|Any CPU
	EndGlobalSection
	GlobalSection(ProjectConfigurationPlatforms) = postSolution
		{9AD99873-6BD3-4157-8434-9F1CB45DDC6E}.Debug|Any CPU.ActiveCfg = Debug|Any CPU
		{9AD99873-6BD3-4157-8434-9F1CB45DDC6E}.Debug|Any CPU.Build.0 = Debug|Any CPU
		{9AD99873-6BD3-4157-8434-9F1CB45DDC6E}.Release|Any CPU.ActiveCfg = Release|Any CPU
		{9AD99873-6BD3-4157-8434-9F1CB45DDC6E}.Release|Any CPU.Build.0 = Release|Any CPU
	EndGlobalSection
	GlobalSection(SolutionProperties) = preSolution
		HideSolutionNode = FALSE
	EndGlobalSection
	GlobalSection(ExtensibilityGlobals) = postSolution
		SolutionGuid = {C1779AE4-4CB2-4CF1-9294-5DF0ACCF59E2}
	EndGlobalSection
EndGlobal
